
Microsoft Visual Studio Solution File, Format Version 12.00
# Visual Studio Version 16
VisualStudioVersion = 16.0.30011.22
MinimumVisualStudioVersion = 10.0.40219.1
Project("{9A19103F-16F7-4668-BE54-9A1E7A4F7556}") = "Bitacora_Cientifica", "Bitacora_Cientifica.csproj", "{75FC0CAB-E203-4539-BE47-5EC2689FF52D}"
EndProject
Project("{FAE04EC0-301F-11D3-BF4B-00C04F79EFBC}") = "API_Bitacoras_Cientificas", "..\API_Bitacoras_Cientificas\API_Bitacoras_Cientificas.csproj", "{10EE293E-4030-4594-8994-6FD7073D0913}"
EndProject
Global
	GlobalSection(SolutionConfigurationPlatforms) = preSolution
		Debug|Any CPU = Debug|Any CPU
		Release|Any CPU = Release|Any CPU
	EndGlobalSection
	GlobalSection(ProjectConfigurationPlatforms) = postSolution
		{75FC0CAB-E203-4539-BE47-5EC2689FF52D}.Debug|Any CPU.ActiveCfg = Debug|Any CPU
		{75FC0CAB-E203-4539-BE47-5EC2689FF52D}.Debug|Any CPU.Build.0 = Debug|Any CPU
		{75FC0CAB-E203-4539-BE47-5EC2689FF52D}.Release|Any CPU.ActiveCfg = Release|Any CPU
		{75FC0CAB-E203-4539-BE47-5EC2689FF52D}.Release|Any CPU.Build.0 = Release|Any CPU
		{10EE293E-4030-4594-8994-6FD7073D0913}.Debug|Any CPU.ActiveCfg = Debug|Any CPU
		{10EE293E-4030-4594-8994-6FD7073D0913}.Debug|Any CPU.Build.0 = Debug|Any CPU
		{10EE293E-4030-4594-8994-6FD7073D0913}.Release|Any CPU.ActiveCfg = Release|Any CPU
		{10EE293E-4030-4594-8994-6FD7073D0913}.Release|Any CPU.Build.0 = Release|Any CPU
	EndGlobalSection
	GlobalSection(SolutionProperties) = preSolution
		HideSolutionNode = FALSE
	EndGlobalSection
	GlobalSection(ExtensibilityGlobals) = postSolution
		SolutionGuid = {1F2669D3-AFB5-45D3-9482-233E1F057233}
	EndGlobalSection
EndGlobal
